
Microsoft Visual Studio Solution File, Format Version 12.00
# Visual Studio Version 17
VisualStudioVersion = 17.5.33627.172
MinimumVisualStudioVersion = 10.0.40219.1
Project("{FAE04EC0-301F-11D3-BF4B-00C04F79EFBC}") = "BackgroundWorkerExample", "BackgroundWorkerExample\BackgroundWorkerExample.csproj", "{812F9264-9902-403C-95E5-5A25D72A7AEA}"
EndProject
Global
	GlobalSection(SolutionConfigurationPlatforms) = preSolution
		Debug|Any CPU = Debug|Any CPU
		Release|Any CPU = Release|Any CPU
	EndGlobalSection
	GlobalSection(ProjectConfigurationPlatforms) = postSolution
		{812F9264-9902-403C-95E5-5A25D72A7AEA}.Debug|Any CPU.ActiveCfg = Debug|Any CPU
		{812F9264-9902-403C-95E5-5A25D72A7AEA}.Debug|Any CPU.Build.0 = Debug|Any CPU
		{812F9264-9902-403C-95E5-5A25D72A7AEA}.Release|Any CPU.ActiveCfg = Release|Any CPU
		{812F9264-9902-403C-95E5-5A25D72A7AEA}.Release|Any CPU.Build.0 = Release|Any CPU
	EndGlobalSection
	GlobalSection(SolutionProperties) = preSolution
		HideSolutionNode = FALSE
	EndGlobalSection
	GlobalSection(ExtensibilityGlobals) = postSolution
		SolutionGuid = {3CDF29DC-D53E-45CB-98BB-0436EBE8BFAD}
	EndGlobalSection
EndGlobal
